
Microsoft Visual Studio Solution File, Format Version 12.00
# Visual Studio Version 17
VisualStudioVersion = 17.0.32112.339
MinimumVisualStudioVersion = 10.0.40219.1
Project("{9A19103F-16F7-4668-BE54-9A1E7A4F7556}") = "ModBusClientTester", "ModBusClientTester\ModBusClientTester.csproj", "{8ED50BD6-EB26-4507-BFF6-621B02B67FF3}"
EndProject
Project("{9A19103F-16F7-4668-BE54-9A1E7A4F7556}") = "GenericModBusDriver", "GenericModBusDriver\GenericModBusDriver.csproj", "{6C2656CB-A153-443E-B8AE-B84EAB0EC480}"
EndProject
Project("{FAE04EC0-301F-11D3-BF4B-00C04F79EFBC}") = "ApexR5pCommunicator", "ApexR5pCommunicator\ApexR5pCommunicator.csproj", "{0E11A39C-5275-4AFE-8998-729D53015BCB}"
EndProject
Global
	GlobalSection(SolutionConfigurationPlatforms) = preSolution
		Debug|Any CPU = Debug|Any CPU
		Release|Any CPU = Release|Any CPU
	EndGlobalSection
	GlobalSection(ProjectConfigurationPlatforms) = postSolution
		{8ED50BD6-EB26-4507-BFF6-621B02B67FF3}.Debug|Any CPU.ActiveCfg = Debug|Any CPU
		{8ED50BD6-EB26-4507-BFF6-621B02B67FF3}.Debug|Any CPU.Build.0 = Debug|Any CPU
		{8ED50BD6-EB26-4507-BFF6-621B02B67FF3}.Release|Any CPU.ActiveCfg = Release|Any CPU
		{8ED50BD6-EB26-4507-BFF6-621B02B67FF3}.Release|Any CPU.Build.0 = Release|Any CPU
		{6C2656CB-A153-443E-B8AE-B84EAB0EC480}.Debug|Any CPU.ActiveCfg = Debug|Any CPU
		{6C2656CB-A153-443E-B8AE-B84EAB0EC480}.Debug|Any CPU.Build.0 = Debug|Any CPU
		{6C2656CB-A153-443E-B8AE-B84EAB0EC480}.Release|Any CPU.ActiveCfg = Release|Any CPU
		{6C2656CB-A153-443E-B8AE-B84EAB0EC480}.Release|Any CPU.Build.0 = Release|Any CPU
		{0E11A39C-5275-4AFE-8998-729D53015BCB}.Debug|Any CPU.ActiveCfg = Debug|Any CPU
		{0E11A39C-5275-4AFE-8998-729D53015BCB}.Debug|Any CPU.Build.0 = Debug|Any CPU
		{0E11A39C-5275-4AFE-8998-729D53015BCB}.Release|Any CPU.ActiveCfg = Release|Any CPU
		{0E11A39C-5275-4AFE-8998-729D53015BCB}.Release|Any CPU.Build.0 = Release|Any CPU
	EndGlobalSection
	GlobalSection(SolutionProperties) = preSolution
		HideSolutionNode = FALSE
	EndGlobalSection
	GlobalSection(ExtensibilityGlobals) = postSolution
		SolutionGuid = {225E5532-7615-47FE-AA6A-13873458BA34}
	EndGlobalSection
EndGlobal
